// !$*UTF8*$!
{
	archiveVersion = 1;
	classes = {
	};
	objectVersion = 55;
	objects = {

/* Begin PBXBuildFile section */
		48254D2428A510BC002F6702 /* Extension.swift in Sources */ = {isa = PBXBuildFile; fileRef = 48254D2328A510BC002F6702 /* Extension.swift */; };
		4838C09828A4F99F00917EC8 /* APICaller.swift in Sources */ = {isa = PBXBuildFile; fileRef = 4838C09728A4F99F00917EC8 /* APICaller.swift */; };
		4838C09B28A4FD2900917EC8 /* Country.swift in Sources */ = {isa = PBXBuildFile; fileRef = 4838C09A28A4FD2900917EC8 /* Country.swift */; };
		4838C09F28A50A9400917EC8 /* CutomCell.swift in Sources */ = {isa = PBXBuildFile; fileRef = 4838C09E28A50A9400917EC8 /* CutomCell.swift */; };
		4843F74128A5375300E29B21 /* DetailViewController.swift in Sources */ = {isa = PBXBuildFile; fileRef = 4843F74028A5375300E29B21 /* DetailViewController.swift */; };
		48AE3F6F28A4E9A9004D9803 /* AppDelegate.swift in Sources */ = {isa = PBXBuildFile; fileRef = 48AE3F6E28A4E9A9004D9803 /* AppDelegate.swift */; };
		48AE3F7128A4E9A9004D9803 /* SceneDelegate.swift in Sources */ = {isa = PBXBuildFile; fileRef = 48AE3F7028A4E9A9004D9803 /* SceneDelegate.swift */; };
		48AE3F7328A4E9A9004D9803 /* ViewController.swift in Sources */ = {isa = PBXBuildFile; fileRef = 48AE3F7228A4E9A9004D9803 /* ViewController.swift */; };
		48AE3F7628A4E9A9004D9803 /* Main.storyboard in Resources */ = {isa = PBXBuildFile; fileRef = 48AE3F7428A4E9A9004D9803 /* Main.storyboard */; };
		48AE3F7828A4E9AE004D9803 /* Assets.xcassets in Resources */ = {isa = PBXBuildFile; fileRef = 48AE3F7728A4E9AE004D9803 /* Assets.xcassets */; };
		48AE3F7B28A4E9AE004D9803 /* LaunchScreen.storyboard in Resources */ = {isa = PBXBuildFile; fileRef = 48AE3F7928A4E9AE004D9803 /* LaunchScreen.storyboard */; };
/* End PBXBuildFile section */

/* Begin PBXFileReference section */
		48254D2328A510BC002F6702 /* Extension.swift */ = {isa = PBXFileReference; lastKnownFileType = sourcecode.swift; path = Extension.swift; sourceTree = "<group>"; };
		4838C09728A4F99F00917EC8 /* APICaller.swift */ = {isa = PBXFileReference; lastKnownFileType = sourcecode.swift; path = APICaller.swift; sourceTree = "<group>"; };
		4838C09A28A4FD2900917EC8 /* Country.swift */ = {isa = PBXFileReference; lastKnownFileType = sourcecode.swift; path = Country.swift; sourceTree = "<group>"; };
		4838C09E28A50A9400917EC8 /* CutomCell.swift */ = {isa = PBXFileReference; lastKnownFileType = sourcecode.swift; path = CutomCell.swift; sourceTree = "<group>"; };
		4843F74028A5375300E29B21 /* DetailViewController.swift */ = {isa = PBXFileReference; lastKnownFileType = sourcecode.swift; path = DetailViewController.swift; sourceTree = "<group>"; };
		48AE3F6B28A4E9A9004D9803 /* HomeWork21.app */ = {isa = PBXFileReference; explicitFileType = wrapper.application; includeInIndex = 0; path = HomeWork21.app; sourceTree = BUILT_PRODUCTS_DIR; };
		48AE3F6E28A4E9A9004D9803 /* AppDelegate.swift */ = {isa = PBXFileReference; lastKnownFileType = sourcecode.swift; path = AppDelegate.swift; sourceTree = "<group>"; };
		48AE3F7028A4E9A9004D9803 /* SceneDelegate.swift */ = {isa = PBXFileReference; lastKnownFileType = sourcecode.swift; path = SceneDelegate.swift; sourceTree = "<group>"; };
		48AE3F7228A4E9A9004D9803 /* ViewController.swift */ = {isa = PBXFileReference; lastKnownFileType = sourcecode.swift; path = ViewController.swift; sourceTree = "<group>"; };
		48AE3F7528A4E9A9004D9803 /* Base */ = {isa = PBXFileReference; lastKnownFileType = file.storyboard; name = Base; path = Base.lproj/Main.storyboard; sourceTree = "<group>"; };
		48AE3F7728A4E9AE004D9803 /* Assets.xcassets */ = {isa = PBXFileReference; lastKnownFileType = folder.assetcatalog; path = Assets.xcassets; sourceTree = "<group>"; };
		48AE3F7A28A4E9AE004D9803 /* Base */ = {isa = PBXFileReference; lastKnownFileType = file.storyboard; name = Base; path = Base.lproj/LaunchScreen.storyboard; sourceTree = "<group>"; };
		48AE3F7C28A4E9AE004D9803 /* Info.plist */ = {isa = PBXFileReference; lastKnownFileType = text.plist.xml; path = Info.plist; sourceTree = "<group>"; };
/* End PBXFileReference section */

/* Begin PBXFrameworksBuildPhase section */
		48AE3F6828A4E9A9004D9803 /* Frameworks */ = {
			isa = PBXFrameworksBuildPhase;
			buildActionMask = 2147483647;
			files = (
			);
			runOnlyForDeploymentPostprocessing = 0;
		};
/* End PBXFrameworksBuildPhase section */

/* Begin PBXGroup section */
		48254D2028A51088002F6702 /* Extension */ = {
			isa = PBXGroup;
			children = (
				48254D2328A510BC002F6702 /* Extension.swift */,
			);
			path = Extension;
			sourceTree = "<group>";
		};
		4838C09628A4F98500917EC8 /* Managers */ = {
			isa = PBXGroup;
			children = (
				4838C09728A4F99F00917EC8 /* APICaller.swift */,
			);
			path = Managers;
			sourceTree = "<group>";
		};
		4838C09928A4FA3300917EC8 /* Models */ = {
			isa = PBXGroup;
			children = (
				4838C09A28A4FD2900917EC8 /* Country.swift */,
			);
			path = Models;
			sourceTree = "<group>";
		};
		4838C09D28A50A5500917EC8 /* Cell */ = {
			isa = PBXGroup;
			children = (
				4838C09E28A50A9400917EC8 /* CutomCell.swift */,
			);
			path = Cell;
			sourceTree = "<group>";
		};
		4843F74228A53FC200E29B21 /* Controllers */ = {
			isa = PBXGroup;
			children = (
				4843F74028A5375300E29B21 /* DetailViewController.swift */,
				48AE3F7228A4E9A9004D9803 /* ViewController.swift */,
			);
			path = Controllers;
			sourceTree = "<group>";
		};
		48AE3F6228A4E9A9004D9803 = {
			isa = PBXGroup;
			children = (
				48AE3F6D28A4E9A9004D9803 /* HomeWork21 */,
				48AE3F6C28A4E9A9004D9803 /* Products */,
			);
			sourceTree = "<group>";
		};
		48AE3F6C28A4E9A9004D9803 /* Products */ = {
			isa = PBXGroup;
			children = (
				48AE3F6B28A4E9A9004D9803 /* HomeWork21.app */,
			);
			name = Products;
			sourceTree = "<group>";
		};
		48AE3F6D28A4E9A9004D9803 /* HomeWork21 */ = {
			isa = PBXGroup;
			children = (
				48254D2028A51088002F6702 /* Extension */,
				4838C09D28A50A5500917EC8 /* Cell */,
				4838C09628A4F98500917EC8 /* Managers */,
				4843F74228A53FC200E29B21 /* Controllers */,
				4838C09928A4FA3300917EC8 /* Models */,
				48AE3F6E28A4E9A9004D9803 /* AppDelegate.swift */,
				48AE3F7028A4E9A9004D9803 /* SceneDelegate.swift */,
				48AE3F7428A4E9A9004D9803 /* Main.storyboard */,
				48AE3F7728A4E9AE004D9803 /* Assets.xcassets */,
				48AE3F7928A4E9AE004D9803 /* LaunchScreen.storyboard */,
				48AE3F7C28A4E9AE004D9803 /* Info.plist */,
			);
			path = HomeWork21;
			sourceTree = "<group>";
		};
/* End PBXGroup section */

/* Begin PBXNativeTarget section */
		48AE3F6A28A4E9A9004D9803 /* HomeWork21 */ = {
			isa = PBXNativeTarget;
			buildConfigurationList = 48AE3F7F28A4E9AE004D9803 /* Build configuration list for PBXNativeTarget "HomeWork21" */;
			buildPhases = (
				48AE3F6728A4E9A9004D9803 /* Sources */,
				48AE3F6828A4E9A9004D9803 /* Frameworks */,
				48AE3F6928A4E9A9004D9803 /* Resources */,
			);
			buildRules = (
			);
			dependencies = (
			);
			name = HomeWork21;
			productName = HomeWork21;
			productReference = 48AE3F6B28A4E9A9004D9803 /* HomeWork21.app */;
			productType = "com.apple.product-type.application";
		};
/* End PBXNativeTarget section */

/* Begin PBXProject section */
		48AE3F6328A4E9A9004D9803 /* Project object */ = {
			isa = PBXProject;
			attributes = {
				BuildIndependentTargetsInParallel = 1;
				LastSwiftUpdateCheck = 1340;
				LastUpgradeCheck = 1340;
				TargetAttributes = {
					48AE3F6A28A4E9A9004D9803 = {
						CreatedOnToolsVersion = 13.4.1;
					};
				};
			};
			buildConfigurationList = 48AE3F6628A4E9A9004D9803 /* Build configuration list for PBXProject "HomeWork21" */;
			compatibilityVersion = "Xcode 13.0";
			developmentRegion = en;
			hasScannedForEncodings = 0;
			knownRegions = (
				en,
				Base,
			);
			mainGroup = 48AE3F6228A4E9A9004D9803;
			productRefGroup = 48AE3F6C28A4E9A9004D9803 /* Products */;
			projectDirPath = "";
			projectRoot = "";
			targets = (
				48AE3F6A28A4E9A9004D9803 /* HomeWork21 */,
			);
		};
/* End PBXProject section */

/* Begin PBXResourcesBuildPhase section */
		48AE3F6928A4E9A9004D9803 /* Resources */ = {
			isa = PBXResourcesBuildPhase;
			buildActionMask = 2147483647;
			files = (
				48AE3F7B28A4E9AE004D9803 /* LaunchScreen.storyboard in Resources */,
				48AE3F7828A4E9AE004D9803 /* Assets.xcassets in Resources */,
				48AE3F7628A4E9A9004D9803 /* Main.storyboard in Resources */,
			);
			runOnlyForDeploymentPostprocessing = 0;
		};
/* End PBXResourcesBuildPhase section */

/* Begin PBXSourcesBuildPhase section */
		48AE3F6728A4E9A9004D9803 /* Sources */ = {
			isa = PBXSourcesBuildPhase;
			buildActionMask = 2147483647;
			files = (
				48AE3F7328A4E9A9004D9803 /* ViewController.swift in Sources */,
				48AE3F6F28A4E9A9004D9803 /* AppDelegate.swift in Sources */,
				48254D2428A510BC002F6702 /* Extension.swift in Sources */,
				4838C09F28A50A9400917EC8 /* CutomCell.swift in Sources */,
				48AE3F7128A4E9A9004D9803 /* SceneDelegate.swift in Sources */,
				4838C09B28A4FD2900917EC8 /* Country.swift in Sources */,
				4838C09828A4F99F00917EC8 /* APICaller.swift in Sources */,
				4843F74128A5375300E29B21 /* DetailViewController.swift in Sources */,
			);
			runOnlyForDeploymentPostprocessing = 0;
		};
/* End PBXSourcesBuildPhase section */

/* Begin PBXVariantGroup section */
		48AE3F7428A4E9A9004D9803 /* Main.storyboard */ = {
			isa = PBXVariantGroup;
			children = (
				48AE3F7528A4E9A9004D9803 /* Base */,
			);
			name = Main.storyboard;
			sourceTree = "<group>";
		};
		48AE3F7928A4E9AE004D9803 /* LaunchScreen.storyboard */ = {
			isa = PBXVariantGroup;
			children = (
				48AE3F7A28A4E9AE004D9803 /* Base */,
			);
			name = LaunchScreen.storyboard;
			sourceTree = "<group>";
		};
/* End PBXVariantGroup section */

/* Begin XCBuildConfiguration section */
		48AE3F7D28A4E9AE004D9803 /* Debug */ = {
			isa = XCBuildConfiguration;
			buildSettings = {
				ALWAYS_SEARCH_USER_PATHS = NO;
				CLANG_ANALYZER_NONNULL = YES;
				CLANG_ANALYZER_NUMBER_OBJECT_CONVERSION = YES_AGGRESSIVE;
				CLANG_CXX_LANGUAGE_STANDARD = "gnu++17";
				CLANG_ENABLE_MODULES = YES;
				CLANG_ENABLE_OBJC_ARC = YES;
				CLANG_ENABLE_OBJC_WEAK = YES;
				CLANG_WARN_BLOCK_CAPTURE_AUTORELEASING = YES;
				CLANG_WARN_BOOL_CONVERSION = YES;
				CLANG_WARN_COMMA = YES;
				CLANG_WARN_CONSTANT_CONVERSION = YES;
				CLANG_WARN_DEPRECATED_OBJC_IMPLEMENTATIONS = YES;
				CLANG_WARN_DIRECT_OBJC_ISA_USAGE = YES_ERROR;
				CLANG_WARN_DOCUMENTATION_COMMENTS = YES;
				CLANG_WARN_EMPTY_BODY = YES;
				CLANG_WARN_ENUM_CONVERSION = YES;
				CLANG_WARN_INFINITE_RECURSION = YES;
				CLANG_WARN_INT_CONVERSION = YES;
				CLANG_WARN_NON_LITERAL_NULL_CONVERSION = YES;
				CLANG_WARN_OBJC_IMPLICIT_RETAIN_SELF = YES;
				CLANG_WARN_OBJC_LITERAL_CONVERSION = YES;
				CLANG_WARN_OBJC_ROOT_CLASS = YES_ERROR;
				CLANG_WARN_QUOTED_INCLUDE_IN_FRAMEWORK_HEADER = YES;
				CLANG_WARN_RANGE_LOOP_ANALYSIS = YES;
				CLANG_WARN_STRICT_PROTOTYPES = YES;
				CLANG_WARN_SUSPICIOUS_MOVE = YES;
				CLANG_WARN_UNGUARDED_AVAILABILITY = YES_AGGRESSIVE;
				CLANG_WARN_UNREACHABLE_CODE = YES;
				CLANG_WARN__DUPLICATE_METHOD_MATCH = YES;
				COPY_PHASE_STRIP = NO;
				DEBUG_INFORMATION_FORMAT = dwarf;
				ENABLE_STRICT_OBJC_MSGSEND = YES;
				ENABLE_TESTABILITY = YES;
				GCC_C_LANGUAGE_STANDARD = gnu11;
				GCC_DYNAMIC_NO_PIC = NO;
				GCC_NO_COMMON_BLOCKS = YES;
				GCC_OPTIMIZATION_LEVEL = 0;
				GCC_PREPROCESSOR_DEFINITIONS = (
					"DEBUG=1",
					"$(inherited)",
				);
				GCC_WARN_64_TO_32_BIT_CONVERSION = YES;
				GCC_WARN_ABOUT_RETURN_TYPE = YES_ERROR;
				GCC_WARN_UNDECLARED_SELECTOR = YES;
				GCC_WARN_UNINITIALIZED_AUTOS = YES_AGGRESSIVE;
				GCC_WARN_UNUSED_FUNCTION = YES;
				GCC_WARN_UNUSED_VARIABLE = YES;
				IPHONEOS_DEPLOYMENT_TARGET = 15.5;
				MTL_ENABLE_DEBUG_INFO = INCLUDE_SOURCE;
				MTL_FAST_MATH = YES;
				ONLY_ACTIVE_ARCH = YES;
				SDKROOT = iphoneos;
				SWIFT_ACTIVE_COMPILATION_CONDITIONS = DEBUG;
				SWIFT_OPTIMIZATION_LEVEL = "-Onone";
			};
			name = Debug;
		};
		48AE3F7E28A4E9AE004D9803 /* Release */ = {
			isa = XCBuildConfiguration;
			buildSettings = {
				ALWAYS_SEARCH_USER_PATHS = NO;
				CLANG_ANALYZER_NONNULL = YES;
				CLANG_ANALYZER_NUMBER_OBJECT_CONVERSION = YES_AGGRESSIVE;
				CLANG_CXX_LANGUAGE_STANDARD = "gnu++17";
				CLANG_ENABLE_MODULES = YES;
				CLANG_ENABLE_OBJC_ARC = YES;
				CLANG_ENABLE_OBJC_WEAK = YES;
				CLANG_WARN_BLOCK_CAPTURE_AUTORELEASING = YES;
				CLANG_WARN_BOOL_CONVERSION = YES;
				CLANG_WARN_COMMA = YES;
				CLANG_WARN_CONSTANT_CONVERSION = YES;
				CLANG_WARN_DEPRECATED_OBJC_IMPLEMENTATIONS = YES;
				CLANG_WARN_DIRECT_OBJC_ISA_USAGE = YES_ERROR;
				CLANG_WARN_DOCUMENTATION_COMMENTS = YES;
				CLANG_WARN_EMPTY_BODY = YES;
				CLANG_WARN_ENUM_CONVERSION = YES;
				CLANG_WARN_INFINITE_RECURSION = YES;
				CLANG_WARN_INT_CONVERSION = YES;
				CLANG_WARN_NON_LITERAL_NULL_CONVERSION = YES;
				CLANG_WARN_OBJC_IMPLICIT_RETAIN_SELF = YES;
				CLANG_WARN_OBJC_LITERAL_CONVERSION = YES;
				CLANG_WARN_OBJC_ROOT_CLASS = YES_ERROR;
				CLANG_WARN_QUOTED_INCLUDE_IN_FRAMEWORK_HEADER = YES;
				CLANG_WARN_RANGE_LOOP_ANALYSIS = YES;
				CLANG_WARN_STRICT_PROTOTYPES = YES;
				CLANG_WARN_SUSPICIOUS_MOVE = YES;
				CLANG_WARN_UNGUARDED_AVAILABILITY = YES_AGGRESSIVE;
				CLANG_WARN_UNREACHABLE_CODE = YES;
				CLANG_WARN__DUPLICATE_METHOD_MATCH = YES;
				COPY_PHASE_STRIP = NO;
				DEBUG_INFORMATION_FORMAT = "dwarf-with-dsym";
				ENABLE_NS_ASSERTIONS = NO;
				ENABLE_STRICT_OBJC_MSGSEND = YES;
				GCC_C_LANGUAGE_STANDARD = gnu11;
				GCC_NO_COMMON_BLOCKS = YES;
				GCC_WARN_64_TO_32_BIT_CONVERSION = YES;
				GCC_WARN_ABOUT_RETURN_TYPE = YES_ERROR;
				GCC_WARN_UNDECLARED_SELECTOR = YES;
				GCC_WARN_UNINITIALIZED_AUTOS = YES_AGGRESSIVE;
				GCC_WARN_UNUSED_FUNCTION = YES;
				GCC_WARN_UNUSED_VARIABLE = YES;
				IPHONEOS_DEPLOYMENT_TARGET = 15.5;
				MTL_ENABLE_DEBUG_INFO = NO;
				MTL_FAST_MATH = YES;
				SDKROOT = iphoneos;
				SWIFT_COMPILATION_MODE = wholemodule;
				SWIFT_OPTIMIZATION_LEVEL = "-O";
				VALIDATE_PRODUCT = YES;
			};
			name = Release;
		};
		48AE3F8028A4E9AE004D9803 /* Debug */ = {
			isa = XCBuildConfiguration;
			buildSettings = {
				ASSETCATALOG_COMPILER_APPICON_NAME = AppIcon;
				ASSETCATALOG_COMPILER_GLOBAL_ACCENT_COLOR_NAME = AccentColor;
				CODE_SIGN_STYLE = Automatic;
				CURRENT_PROJECT_VERSION = 1;
				DEVELOPMENT_TEAM = 9XVUK2DV63;
				GENERATE_INFOPLIST_FILE = YES;
				INFOPLIST_FILE = HomeWork21/Info.plist;
				INFOPLIST_KEY_UIApplicationSupportsIndirectInputEvents = YES;
				INFOPLIST_KEY_UILaunchStoryboardName = LaunchScreen;
				INFOPLIST_KEY_UIMainStoryboardFile = Main;
				INFOPLIST_KEY_UISupportedInterfaceOrientations_iPad = "UIInterfaceOrientationPortrait UIInterfaceOrientationPortraitUpsideDown UIInterfaceOrientationLandscapeLeft UIInterfaceOrientationLandscapeRight";
				INFOPLIST_KEY_UISupportedInterfaceOrientations_iPhone = "UIInterfaceOrientationPortrait UIInterfaceOrientationLandscapeLeft UIInterfaceOrientationLandscapeRight";
				LD_RUNPATH_SEARCH_PATHS = (
					"$(inherited)",
					"@executable_path/Frameworks",
				);
				MARKETING_VERSION = 1.0;
				PRODUCT_BUNDLE_IDENTIFIER = D.Injgia.HomeWork21;
				PRODUCT_NAME = "$(TARGET_NAME)";
				SWIFT_EMIT_LOC_STRINGS = YES;
				SWIFT_VERSION = 5.0;
				TARGETED_DEVICE_FAMILY = "1,2";
			};
			name = Debug;
		};
		48AE3F8128A4E9AE004D9803 /* Release */ = {
			isa = XCBuildConfiguration;
			buildSettings = {
				ASSETCATALOG_COMPILER_APPICON_NAME = AppIcon;
				ASSETCATALOG_COMPILER_GLOBAL_ACCENT_COLOR_NAME = AccentColor;
				CODE_SIGN_STYLE = Automatic;
				CURRENT_PROJECT_VERSION = 1;
				DEVELOPMENT_TEAM = 9XVUK2DV63;
				GENERATE_INFOPLIST_FILE = YES;
				INFOPLIST_FILE = HomeWork21/Info.plist;
				INFOPLIST_KEY_UIApplicationSupportsIndirectInputEvents = YES;
				INFOPLIST_KEY_UILaunchStoryboardName = LaunchScreen;
				INFOPLIST_KEY_UIMainStoryboardFile = Main;
				INFOPLIST_KEY_UISupportedInterfaceOrientations_iPad = "UIInterfaceOrientationPortrait UIInterfaceOrientationPortraitUpsideDown UIInterfaceOrientationLandscapeLeft UIInterfaceOrientationLandscapeRight";
				INFOPLIST_KEY_UISupportedInterfaceOrientations_iPhone = "UIInterfaceOrientationPortrait UIInterfaceOrientationLandscapeLeft UIInterfaceOrientationLandscapeRight";
				LD_RUNPATH_SEARCH_PATHS = (
					"$(inherited)",
					"@executable_path/Frameworks",
				);
				MARKETING_VERSION = 1.0;
				PRODUCT_BUNDLE_IDENTIFIER = D.Injgia.HomeWork21;
				PRODUCT_NAME = "$(TARGET_NAME)";
				SWIFT_EMIT_LOC_STRINGS = YES;
				SWIFT_VERSION = 5.0;
				TARGETED_DEVICE_FAMILY = "1,2";
			};
			name = Release;
		};
/* End XCBuildConfiguration section */

/* Begin XCConfigurationList section */
		48AE3F6628A4E9A9004D9803 /* Build configuration list for PBXProject "HomeWork21" */ = {
			isa = XCConfigurationList;
			buildConfigurations = (
				48AE3F7D28A4E9AE004D9803 /* Debug */,
				48AE3F7E28A4E9AE004D9803 /* Release */,
			);
			defaultConfigurationIsVisible = 0;
			defaultConfigurationName = Release;
		};
		48AE3F7F28A4E9AE004D9803 /* Build configuration list for PBXNativeTarget "HomeWork21" */ = {
			isa = XCConfigurationList;
			buildConfigurations = (
				48AE3F8028A4E9AE004D9803 /* Debug */,
				48AE3F8128A4E9AE004D9803 /* Release */,
			);
			defaultConfigurationIsVisible = 0;
			defaultConfigurationName = Release;
		};
/* End XCConfigurationList section */
	};
	rootObject = 48AE3F6328A4E9A9004D9803 /* Project object */;
}
